
Microsoft Visual Studio Solution File, Format Version 12.00
# Visual Studio Version 17
VisualStudioVersion = 17.9.34622.214
MinimumVisualStudioVersion = 10.0.40219.1
Project("{FAE04EC0-301F-11D3-BF4B-00C04F79EFBC}") = "B05C07W01_LINQ", "B05C07W01_LINQ\B05C07W01_LINQ.csproj", "{EE9BCCBD-F3BE-4C07-950A-B204515D4E02}"
EndProject
Global
	GlobalSection(SolutionConfigurationPlatforms) = preSolution
		Debug|Any CPU = Debug|Any CPU
		Release|Any CPU = Release|Any CPU
	EndGlobalSection
	GlobalSection(ProjectConfigurationPlatforms) = postSolution
		{EE9BCCBD-F3BE-4C07-950A-B204515D4E02}.Debug|Any CPU.ActiveCfg = Debug|Any CPU
		{EE9BCCBD-F3BE-4C07-950A-B204515D4E02}.Debug|Any CPU.Build.0 = Debug|Any CPU
		{EE9BCCBD-F3BE-4C07-950A-B204515D4E02}.Release|Any CPU.ActiveCfg = Release|Any CPU
		{EE9BCCBD-F3BE-4C07-950A-B204515D4E02}.Release|Any CPU.Build.0 = Release|Any CPU
	EndGlobalSection
	GlobalSection(SolutionProperties) = preSolution
		HideSolutionNode = FALSE
	EndGlobalSection
	GlobalSection(ExtensibilityGlobals) = postSolution
		SolutionGuid = {C3661C7B-493B-4CAF-AB0C-55A6A2D0B563}
	EndGlobalSection
EndGlobal
